
Microsoft Visual Studio Solution File, Format Version 12.00
# Visual Studio Version 17
VisualStudioVersion = 17.9.34728.123
MinimumVisualStudioVersion = 10.0.40219.1
Project("{FAE04EC0-301F-11D3-BF4B-00C04F79EFBC}") = "FundamentosCSHARP", "FundamentosCSHARP\FundamentosCSHARP.csproj", "{AEB4B893-2446-4142-89BE-124111E0B350}"
EndProject
Global
	GlobalSection(SolutionConfigurationPlatforms) = preSolution
		Debug|Any CPU = Debug|Any CPU
		Release|Any CPU = Release|Any CPU
	EndGlobalSection
	GlobalSection(ProjectConfigurationPlatforms) = postSolution
		{AEB4B893-2446-4142-89BE-124111E0B350}.Debug|Any CPU.ActiveCfg = Debug|Any CPU
		{AEB4B893-2446-4142-89BE-124111E0B350}.Debug|Any CPU.Build.0 = Debug|Any CPU
		{AEB4B893-2446-4142-89BE-124111E0B350}.Release|Any CPU.ActiveCfg = Release|Any CPU
		{AEB4B893-2446-4142-89BE-124111E0B350}.Release|Any CPU.Build.0 = Release|Any CPU
	EndGlobalSection
	GlobalSection(SolutionProperties) = preSolution
		HideSolutionNode = FALSE
	EndGlobalSection
	GlobalSection(ExtensibilityGlobals) = postSolution
		SolutionGuid = {1BFA3C55-89CE-4AFA-88C3-FA6C52C22CBB}
	EndGlobalSection
EndGlobal
